// !$*UTF8*$!
{
	archiveVersion = 1;
	classes = {
	};
	objectVersion = 46;
	objects = {

/* Begin PBXBuildFile section */
		289AC58319710B2B003A93A4 /* Foundation.framework in Frameworks */ = {isa = PBXBuildFile; fileRef = 289AC58219710B2B003A93A4 /* Foundation.framework */; };
		289AC58519710B2B003A93A4 /* CoreGraphics.framework in Frameworks */ = {isa = PBXBuildFile; fileRef = 289AC58419710B2B003A93A4 /* CoreGraphics.framework */; };
		289AC58719710B2B003A93A4 /* UIKit.framework in Frameworks */ = {isa = PBXBuildFile; fileRef = 289AC58619710B2B003A93A4 /* UIKit.framework */; };
		289AC58D19710B2B003A93A4 /* InfoPlist.strings in Resources */ = {isa = PBXBuildFile; fileRef = 289AC58B19710B2B003A93A4 /* InfoPlist.strings */; };
		289AC58F19710B2B003A93A4 /* main.m in Sources */ = {isa = PBXBuildFile; fileRef = 289AC58E19710B2B003A93A4 /* main.m */; };
		289AC59319710B2B003A93A4 /* ICAppDelegate.m in Sources */ = {isa = PBXBuildFile; fileRef = 289AC59219710B2B003A93A4 /* ICAppDelegate.m */; };
		289AC59619710B2B003A93A4 /* Main.storyboard in Resources */ = {isa = PBXBuildFile; fileRef = 289AC59419710B2B003A93A4 /* Main.storyboard */; };
		289AC59919710B2B003A93A4 /* ICViewController.m in Sources */ = {isa = PBXBuildFile; fileRef = 289AC59819710B2B003A93A4 /* ICViewController.m */; };
		289AC59B19710B2B003A93A4 /* Images.xcassets in Resources */ = {isa = PBXBuildFile; fileRef = 289AC59A19710B2B003A93A4 /* Images.xcassets */; };
		289AC5A219710B2B003A93A4 /* XCTest.framework in Frameworks */ = {isa = PBXBuildFile; fileRef = 289AC5A119710B2B003A93A4 /* XCTest.framework */; };
		289AC5A319710B2B003A93A4 /* Foundation.framework in Frameworks */ = {isa = PBXBuildFile; fileRef = 289AC58219710B2B003A93A4 /* Foundation.framework */; };
		289AC5A419710B2B003A93A4 /* UIKit.framework in Frameworks */ = {isa = PBXBuildFile; fileRef = 289AC58619710B2B003A93A4 /* UIKit.framework */; };
		289AC5AC19710B2B003A93A4 /* InfoPlist.strings in Resources */ = {isa = PBXBuildFile; fileRef = 289AC5AA19710B2B003A93A4 /* InfoPlist.strings */; };
		289AC5AE19710B2B003A93A4 /* jlpt_vocTests.m in Sources */ = {isa = PBXBuildFile; fileRef = 289AC5AD19710B2B003A93A4 /* jlpt_vocTests.m */; };
		289AC5B819711139003A93A4 /* icon_120.png in Resources */ = {isa = PBXBuildFile; fileRef = 289AC5B719711139003A93A4 /* icon_120.png */; };
		289AC5BA19711254003A93A4 /* icon_057.png in Resources */ = {isa = PBXBuildFile; fileRef = 289AC5B919711254003A93A4 /* icon_057.png */; };
		289AC5BC197112AD003A93A4 /* icon_114.png in Resources */ = {isa = PBXBuildFile; fileRef = 289AC5BB197112AD003A93A4 /* icon_114.png */; };
		289AC5BE19711388003A93A4 /* Default.png in Resources */ = {isa = PBXBuildFile; fileRef = 289AC5BD19711388003A93A4 /* Default.png */; };
		289AC5C0197113BA003A93A4 /* Default~iphone.png in Resources */ = {isa = PBXBuildFile; fileRef = 289AC5BF197113BA003A93A4 /* Default~iphone.png */; };
		289AC5C219711405003A93A4 /* Default-568h@2x.png in Resources */ = {isa = PBXBuildFile; fileRef = 289AC5C119711405003A93A4 /* Default-568h@2x.png */; };
		BCACA2F11974CC0A00A17938 /* AdMob.plist in Resources */ = {isa = PBXBuildFile; fileRef = BCACA2F01974CC0A00A17938 /* AdMob.plist */; };
		BCACCF2C1974BA5700BCAEF4 /* ICMenuViewController.m in Sources */ = {isa = PBXBuildFile; fileRef = BCACCF2B1974BA5700BCAEF4 /* ICMenuViewController.m */; };
		BCACCF321974C09B00BCAEF4 /* button_n1.png in Resources */ = {isa = PBXBuildFile; fileRef = BCACCF2E1974C09B00BCAEF4 /* button_n1.png */; };
		BCACCF331974C09B00BCAEF4 /* button_n2.png in Resources */ = {isa = PBXBuildFile; fileRef = BCACCF2F1974C09B00BCAEF4 /* button_n2.png */; };
		BCACCF341974C09B00BCAEF4 /* button_n3.png in Resources */ = {isa = PBXBuildFile; fileRef = BCACCF301974C09B00BCAEF4 /* button_n3.png */; };
		BCACCF351974C09B00BCAEF4 /* button_n4.png in Resources */ = {isa = PBXBuildFile; fileRef = BCACCF311974C09B00BCAEF4 /* button_n4.png */; };
		BCACCF441974C70600BCAEF4 /* libGoogleAdMobAds.a in Frameworks */ = {isa = PBXBuildFile; fileRef = BCACCF431974C70600BCAEF4 /* libGoogleAdMobAds.a */; };
		BCACCF461974C72900BCAEF4 /* AudioToolbox.framework in Frameworks */ = {isa = PBXBuildFile; fileRef = BCACCF451974C72900BCAEF4 /* AudioToolbox.framework */; };
		BCACCF481974C72F00BCAEF4 /* MessageUI.framework in Frameworks */ = {isa = PBXBuildFile; fileRef = BCACCF471974C72F00BCAEF4 /* MessageUI.framework */; };
		BCACCF4A1974C73B00BCAEF4 /* SystemConfiguration.framework in Frameworks */ = {isa = PBXBuildFile; fileRef = BCACCF491974C73B00BCAEF4 /* SystemConfiguration.framework */; };
		BCACCF4C1974C75A00BCAEF4 /* AVFoundation.framework in Frameworks */ = {isa = PBXBuildFile; fileRef = BCACCF4B1974C75A00BCAEF4 /* AVFoundation.framework */; };
		BCACCF4E1974C76000BCAEF4 /* StoreKit.framework in Frameworks */ = {isa = PBXBuildFile; fileRef = BCACCF4D1974C76000BCAEF4 /* StoreKit.framework */; };
/* End PBXBuildFile section */

/* Begin PBXContainerItemProxy section */
		289AC5A519710B2B003A93A4 /* PBXContainerItemProxy */ = {
			isa = PBXContainerItemProxy;
			containerPortal = 289AC57719710B2B003A93A4 /* Project object */;
			proxyType = 1;
			remoteGlobalIDString = 289AC57E19710B2B003A93A4;
			remoteInfo = jlpt_voc;
		};
/* End PBXContainerItemProxy section */

/* Begin PBXFileReference section */
		289AC57F19710B2B003A93A4 /* jlpt_voc.app */ = {isa = PBXFileReference; explicitFileType = wrapper.application; includeInIndex = 0; path = jlpt_voc.app; sourceTree = BUILT_PRODUCTS_DIR; };
		289AC58219710B2B003A93A4 /* Foundation.framework */ = {isa = PBXFileReference; lastKnownFileType = wrapper.framework; name = Foundation.framework; path = System/Library/Frameworks/Foundation.framework; sourceTree = SDKROOT; };
		289AC58419710B2B003A93A4 /* CoreGraphics.framework */ = {isa = PBXFileReference; lastKnownFileType = wrapper.framework; name = CoreGraphics.framework; path = System/Library/Frameworks/CoreGraphics.framework; sourceTree = SDKROOT; };
		289AC58619710B2B003A93A4 /* UIKit.framework */ = {isa = PBXFileReference; lastKnownFileType = wrapper.framework; name = UIKit.framework; path = System/Library/Frameworks/UIKit.framework; sourceTree = SDKROOT; };
		289AC58A19710B2B003A93A4 /* jlpt_voc-Info.plist */ = {isa = PBXFileReference; lastKnownFileType = text.plist.xml; path = "jlpt_voc-Info.plist"; sourceTree = "<group>"; };
		289AC58C19710B2B003A93A4 /* en */ = {isa = PBXFileReference; lastKnownFileType = text.plist.strings; name = en; path = en.lproj/InfoPlist.strings; sourceTree = "<group>"; };
		289AC58E19710B2B003A93A4 /* main.m */ = {isa = PBXFileReference; lastKnownFileType = sourcecode.c.objc; path = main.m; sourceTree = "<group>"; };
		289AC59019710B2B003A93A4 /* jlpt_voc-Prefix.pch */ = {isa = PBXFileReference; lastKnownFileType = sourcecode.c.h; path = "jlpt_voc-Prefix.pch"; sourceTree = "<group>"; };
		289AC59119710B2B003A93A4 /* ICAppDelegate.h */ = {isa = PBXFileReference; lastKnownFileType = sourcecode.c.h; path = ICAppDelegate.h; sourceTree = "<group>"; };
		289AC59219710B2B003A93A4 /* ICAppDelegate.m */ = {isa = PBXFileReference; lastKnownFileType = sourcecode.c.objc; path = ICAppDelegate.m; sourceTree = "<group>"; };
		289AC59519710B2B003A93A4 /* Base */ = {isa = PBXFileReference; lastKnownFileType = file.storyboard; name = Base; path = Base.lproj/Main.storyboard; sourceTree = "<group>"; };
		289AC59719710B2B003A93A4 /* ICViewController.h */ = {isa = PBXFileReference; lastKnownFileType = sourcecode.c.h; path = ICViewController.h; sourceTree = "<group>"; };
		289AC59819710B2B003A93A4 /* ICViewController.m */ = {isa = PBXFileReference; lastKnownFileType = sourcecode.c.objc; path = ICViewController.m; sourceTree = "<group>"; };
		289AC59A19710B2B003A93A4 /* Images.xcassets */ = {isa = PBXFileReference; lastKnownFileType = folder.assetcatalog; path = Images.xcassets; sourceTree = "<group>"; };
		289AC5A019710B2B003A93A4 /* jlpt_vocTests.xctest */ = {isa = PBXFileReference; explicitFileType = wrapper.cfbundle; includeInIndex = 0; path = jlpt_vocTests.xctest; sourceTree = BUILT_PRODUCTS_DIR; };
		289AC5A119710B2B003A93A4 /* XCTest.framework */ = {isa = PBXFileReference; lastKnownFileType = wrapper.framework; name = XCTest.framework; path = Library/Frameworks/XCTest.framework; sourceTree = DEVELOPER_DIR; };
		289AC5A919710B2B003A93A4 /* jlpt_vocTests-Info.plist */ = {isa = PBXFileReference; lastKnownFileType = text.plist.xml; path = "jlpt_vocTests-Info.plist"; sourceTree = "<group>"; };
		289AC5AB19710B2B003A93A4 /* en */ = {isa = PBXFileReference; lastKnownFileType = text.plist.strings; name = en; path = en.lproj/InfoPlist.strings; sourceTree = "<group>"; };
		289AC5AD19710B2B003A93A4 /* jlpt_vocTests.m */ = {isa = PBXFileReference; lastKnownFileType = sourcecode.c.objc; path = jlpt_vocTests.m; sourceTree = "<group>"; };
		289AC5B719711139003A93A4 /* icon_120.png */ = {isa = PBXFileReference; lastKnownFileType = image.png; path = icon_120.png; sourceTree = "<group>"; };
		289AC5B919711254003A93A4 /* icon_057.png */ = {isa = PBXFileReference; lastKnownFileType = image.png; path = icon_057.png; sourceTree = "<group>"; };
		289AC5BB197112AD003A93A4 /* icon_114.png */ = {isa = PBXFileReference; lastKnownFileType = image.png; path = icon_114.png; sourceTree = "<group>"; };
		289AC5BD19711388003A93A4 /* Default.png */ = {isa = PBXFileReference; lastKnownFileType = image.png; path = Default.png; sourceTree = "<group>"; };
		289AC5BF197113BA003A93A4 /* Default~iphone.png */ = {isa = PBXFileReference; lastKnownFileType = image.png; path = "Default~iphone.png"; sourceTree = "<group>"; };
		289AC5C119711405003A93A4 /* Default-568h@2x.png */ = {isa = PBXFileReference; lastKnownFileType = image.png; path = "Default-568h@2x.png"; sourceTree = "<group>"; };
		BCACA2F01974CC0A00A17938 /* AdMob.plist */ = {isa = PBXFileReference; fileEncoding = 4; lastKnownFileType = text.plist.xml; path = AdMob.plist; sourceTree = "<group>"; };
		BCACCF2A1974BA5700BCAEF4 /* ICMenuViewController.h */ = {isa = PBXFileReference; fileEncoding = 4; lastKnownFileType = sourcecode.c.h; path = ICMenuViewController.h; sourceTree = "<group>"; };
		BCACCF2B1974BA5700BCAEF4 /* ICMenuViewController.m */ = {isa = PBXFileReference; fileEncoding = 4; lastKnownFileType = sourcecode.c.objc; path = ICMenuViewController.m; sourceTree = "<group>"; };
		BCACCF2E1974C09B00BCAEF4 /* button_n1.png */ = {isa = PBXFileReference; lastKnownFileType = image.png; path = button_n1.png; sourceTree = "<group>"; };
		BCACCF2F1974C09B00BCAEF4 /* button_n2.png */ = {isa = PBXFileReference; lastKnownFileType = image.png; path = button_n2.png; sourceTree = "<group>"; };
		BCACCF301974C09B00BCAEF4 /* button_n3.png */ = {isa = PBXFileReference; lastKnownFileType = image.png; path = button_n3.png; sourceTree = "<group>"; };
		BCACCF311974C09B00BCAEF4 /* button_n4.png */ = {isa = PBXFileReference; lastKnownFileType = image.png; path = button_n4.png; sourceTree = "<group>"; };
		BCACCF371974C70600BCAEF4 /* GADAdMobExtras.h */ = {isa = PBXFileReference; fileEncoding = 4; lastKnownFileType = sourcecode.c.h; path = GADAdMobExtras.h; sourceTree = "<group>"; };
		BCACCF381974C70600BCAEF4 /* GADAdNetworkExtras.h */ = {isa = PBXFileReference; fileEncoding = 4; lastKnownFileType = sourcecode.c.h; path = GADAdNetworkExtras.h; sourceTree = "<group>"; };
		BCACCF391974C70600BCAEF4 /* GADAdSize.h */ = {isa = PBXFileReference; fileEncoding = 4; lastKnownFileType = sourcecode.c.h; path = GADAdSize.h; sourceTree = "<group>"; };
		BCACCF3A1974C70600BCAEF4 /* GADBannerView.h */ = {isa = PBXFileReference; fileEncoding = 4; lastKnownFileType = sourcecode.c.h; path = GADBannerView.h; sourceTree = "<group>"; };
		BCACCF3B1974C70600BCAEF4 /* GADBannerViewDelegate.h */ = {isa = PBXFileReference; fileEncoding = 4; lastKnownFileType = sourcecode.c.h; path = GADBannerViewDelegate.h; sourceTree = "<group>"; };
		BCACCF3C1974C70600BCAEF4 /* GADInAppPurchase.h */ = {isa = PBXFileReference; fileEncoding = 4; lastKnownFileType = sourcecode.c.h; path = GADInAppPurchase.h; sourceTree = "<group>"; };
		BCACCF3D1974C70600BCAEF4 /* GADInAppPurchaseDelegate.h */ = {isa = PBXFileReference; fileEncoding = 4; lastKnownFileType = sourcecode.c.h; path = GADInAppPurchaseDelegate.h; sourceTree = "<group>"; };
		BCACCF3E1974C70600BCAEF4 /* GADInterstitial.h */ = {isa = PBXFileReference; fileEncoding = 4; lastKnownFileType = sourcecode.c.h; path = GADInterstitial.h; sourceTree = "<group>"; };
		BCACCF3F1974C70600BCAEF4 /* GADInterstitialDelegate.h */ = {isa = PBXFileReference; fileEncoding = 4; lastKnownFileType = sourcecode.c.h; path = GADInterstitialDelegate.h; sourceTree = "<group>"; };
		BCACCF401974C70600BCAEF4 /* GADModules.h */ = {isa = PBXFileReference; fileEncoding = 4; lastKnownFileType = sourcecode.c.h; path = GADModules.h; sourceTree = "<group>"; };
		BCACCF411974C70600BCAEF4 /* GADRequest.h */ = {isa = PBXFileReference; fileEncoding = 4; lastKnownFileType = sourcecode.c.h; path = GADRequest.h; sourceTree = "<group>"; };
		BCACCF421974C70600BCAEF4 /* GADRequestError.h */ = {isa = PBXFileReference; fileEncoding = 4; lastKnownFileType = sourcecode.c.h; path = GADRequestError.h; sourceTree = "<group>"; };
		BCACCF431974C70600BCAEF4 /* libGoogleAdMobAds.a */ = {isa = PBXFileReference; lastKnownFileType = archive.ar; path = libGoogleAdMobAds.a; sourceTree = "<group>"; };
		BCACCF451974C72900BCAEF4 /* AudioToolbox.framework */ = {isa = PBXFileReference; lastKnownFileType = wrapper.framework; name = AudioToolbox.framework; path = System/Library/Frameworks/AudioToolbox.framework; sourceTree = SDKROOT; };
		BCACCF471974C72F00BCAEF4 /* MessageUI.framework */ = {isa = PBXFileReference; lastKnownFileType = wrapper.framework; name = MessageUI.framework; path = System/Library/Frameworks/MessageUI.framework; sourceTree = SDKROOT; };
		BCACCF491974C73B00BCAEF4 /* SystemConfiguration.framework */ = {isa = PBXFileReference; lastKnownFileType = wrapper.framework; name = SystemConfiguration.framework; path = System/Library/Frameworks/SystemConfiguration.framework; sourceTree = SDKROOT; };
		BCACCF4B1974C75A00BCAEF4 /* AVFoundation.framework */ = {isa = PBXFileReference; lastKnownFileType = wrapper.framework; name = AVFoundation.framework; path = System/Library/Frameworks/AVFoundation.framework; sourceTree = SDKROOT; };
		BCACCF4D1974C76000BCAEF4 /* StoreKit.framework */ = {isa = PBXFileReference; lastKnownFileType = wrapper.framework; name = StoreKit.framework; path = System/Library/Frameworks/StoreKit.framework; sourceTree = SDKROOT; };
/* End PBXFileReference section */

/* Begin PBXFrameworksBuildPhase section */
		289AC57C19710B2B003A93A4 /* Frameworks */ = {
			isa = PBXFrameworksBuildPhase;
			buildActionMask = 2147483647;
			files = (
				BCACCF4E1974C76000BCAEF4 /* StoreKit.framework in Frameworks */,
				BCACCF4C1974C75A00BCAEF4 /* AVFoundation.framework in Frameworks */,
				289AC58519710B2B003A93A4 /* CoreGraphics.framework in Frameworks */,
				BCACCF4A1974C73B00BCAEF4 /* SystemConfiguration.framework in Frameworks */,
				BCACCF481974C72F00BCAEF4 /* MessageUI.framework in Frameworks */,
				BCACCF461974C72900BCAEF4 /* AudioToolbox.framework in Frameworks */,
				BCACCF441974C70600BCAEF4 /* libGoogleAdMobAds.a in Frameworks */,
				289AC58719710B2B003A93A4 /* UIKit.framework in Frameworks */,
				289AC58319710B2B003A93A4 /* Foundation.framework in Frameworks */,
			);
			runOnlyForDeploymentPostprocessing = 0;
		};
		289AC59D19710B2B003A93A4 /* Frameworks */ = {
			isa = PBXFrameworksBuildPhase;
			buildActionMask = 2147483647;
			files = (
				289AC5A219710B2B003A93A4 /* XCTest.framework in Frameworks */,
				289AC5A419710B2B003A93A4 /* UIKit.framework in Frameworks */,
				289AC5A319710B2B003A93A4 /* Foundation.framework in Frameworks */,
			);
			runOnlyForDeploymentPostprocessing = 0;
		};
/* End PBXFrameworksBuildPhase section */

/* Begin PBXGroup section */
		289AC57619710B2B003A93A4 = {
			isa = PBXGroup;
			children = (
				289AC58819710B2B003A93A4 /* jlpt_voc */,
				289AC5A719710B2B003A93A4 /* jlpt_vocTests */,
				289AC58119710B2B003A93A4 /* Frameworks */,
				289AC58019710B2B003A93A4 /* Products */,
			);
			sourceTree = "<group>";
		};
		289AC58019710B2B003A93A4 /* Products */ = {
			isa = PBXGroup;
			children = (
				289AC57F19710B2B003A93A4 /* jlpt_voc.app */,
				289AC5A019710B2B003A93A4 /* jlpt_vocTests.xctest */,
			);
			name = Products;
			sourceTree = "<group>";
		};
		289AC58119710B2B003A93A4 /* Frameworks */ = {
			isa = PBXGroup;
			children = (
				BCACCF4D1974C76000BCAEF4 /* StoreKit.framework */,
				BCACCF4B1974C75A00BCAEF4 /* AVFoundation.framework */,
				BCACCF491974C73B00BCAEF4 /* SystemConfiguration.framework */,
				BCACCF471974C72F00BCAEF4 /* MessageUI.framework */,
				BCACCF451974C72900BCAEF4 /* AudioToolbox.framework */,
				289AC58219710B2B003A93A4 /* Foundation.framework */,
				289AC58419710B2B003A93A4 /* CoreGraphics.framework */,
				289AC58619710B2B003A93A4 /* UIKit.framework */,
				289AC5A119710B2B003A93A4 /* XCTest.framework */,
			);
			name = Frameworks;
			sourceTree = "<group>";
		};
		289AC58819710B2B003A93A4 /* jlpt_voc */ = {
			isa = PBXGroup;
			children = (
				BCACCF361974C6ED00BCAEF4 /* AdMob */,
				BCACCF2D1974C05E00BCAEF4 /* resource */,
				BCACCF291974BA3F00BCAEF4 /* source */,
				289AC5B919711254003A93A4 /* icon_057.png */,
				289AC5BB197112AD003A93A4 /* icon_114.png */,
				289AC5B719711139003A93A4 /* icon_120.png */,
				289AC5BD19711388003A93A4 /* Default.png */,
				289AC5BF197113BA003A93A4 /* Default~iphone.png */,
				289AC5C119711405003A93A4 /* Default-568h@2x.png */,
				289AC59119710B2B003A93A4 /* ICAppDelegate.h */,
				289AC59219710B2B003A93A4 /* ICAppDelegate.m */,
				289AC59419710B2B003A93A4 /* Main.storyboard */,
				289AC59719710B2B003A93A4 /* ICViewController.h */,
				289AC59819710B2B003A93A4 /* ICViewController.m */,
				289AC59A19710B2B003A93A4 /* Images.xcassets */,
				289AC58919710B2B003A93A4 /* Supporting Files */,
			);
			path = jlpt_voc;
			sourceTree = "<group>";
		};
		289AC58919710B2B003A93A4 /* Supporting Files */ = {
			isa = PBXGroup;
			children = (
				289AC58A19710B2B003A93A4 /* jlpt_voc-Info.plist */,
				289AC58B19710B2B003A93A4 /* InfoPlist.strings */,
				289AC58E19710B2B003A93A4 /* main.m */,
				289AC59019710B2B003A93A4 /* jlpt_voc-Prefix.pch */,
			);
			name = "Supporting Files";
			sourceTree = "<group>";
		};
		289AC5A719710B2B003A93A4 /* jlpt_vocTests */ = {
			isa = PBXGroup;
			children = (
				289AC5AD19710B2B003A93A4 /* jlpt_vocTests.m */,
				289AC5A819710B2B003A93A4 /* Supporting Files */,
			);
			path = jlpt_vocTests;
			sourceTree = "<group>";
		};
		289AC5A819710B2B003A93A4 /* Supporting Files */ = {
			isa = PBXGroup;
			children = (
				289AC5A919710B2B003A93A4 /* jlpt_vocTests-Info.plist */,
				289AC5AA19710B2B003A93A4 /* InfoPlist.strings */,
			);
			name = "Supporting Files";
			sourceTree = "<group>";
		};
		BCACCF291974BA3F00BCAEF4 /* source */ = {
			isa = PBXGroup;
			children = (
				BCACCF2A1974BA5700BCAEF4 /* ICMenuViewController.h */,
				BCACCF2B1974BA5700BCAEF4 /* ICMenuViewController.m */,
			);
			path = source;
			sourceTree = "<group>";
		};
		BCACCF2D1974C05E00BCAEF4 /* resource */ = {
			isa = PBXGroup;
			children = (
				BCACCF2E1974C09B00BCAEF4 /* button_n1.png */,
				BCACCF2F1974C09B00BCAEF4 /* button_n2.png */,
				BCACCF301974C09B00BCAEF4 /* button_n3.png */,
				BCACCF311974C09B00BCAEF4 /* button_n4.png */,
				BCACA2F01974CC0A00A17938 /* AdMob.plist */,
			);
			path = resource;
			sourceTree = "<group>";
		};
		BCACCF361974C6ED00BCAEF4 /* AdMob */ = {
			isa = PBXGroup;
			children = (
				BCACCF371974C70600BCAEF4 /* GADAdMobExtras.h */,
				BCACCF381974C70600BCAEF4 /* GADAdNetworkExtras.h */,
				BCACCF391974C70600BCAEF4 /* GADAdSize.h */,
				BCACCF3A1974C70600BCAEF4 /* GADBannerView.h */,
				BCACCF3B1974C70600BCAEF4 /* GADBannerViewDelegate.h */,
				BCACCF3C1974C70600BCAEF4 /* GADInAppPurchase.h */,
				BCACCF3D1974C70600BCAEF4 /* GADInAppPurchaseDelegate.h */,
				BCACCF3E1974C70600BCAEF4 /* GADInterstitial.h */,
				BCACCF3F1974C70600BCAEF4 /* GADInterstitialDelegate.h */,
				BCACCF401974C70600BCAEF4 /* GADModules.h */,
				BCACCF411974C70600BCAEF4 /* GADRequest.h */,
				BCACCF421974C70600BCAEF4 /* GADRequestError.h */,
				BCACCF431974C70600BCAEF4 /* libGoogleAdMobAds.a */,
			);
			path = AdMob;
			sourceTree = "<group>";
		};
/* End PBXGroup section */

/* Begin PBXNativeTarget section */
		289AC57E19710B2B003A93A4 /* jlpt_voc */ = {
			isa = PBXNativeTarget;
			buildConfigurationList = 289AC5B119710B2B003A93A4 /* Build configuration list for PBXNativeTarget "jlpt_voc" */;
			buildPhases = (
				289AC57B19710B2B003A93A4 /* Sources */,
				289AC57C19710B2B003A93A4 /* Frameworks */,
				289AC57D19710B2B003A93A4 /* Resources */,
			);
			buildRules = (
			);
			dependencies = (
			);
			name = jlpt_voc;
			productName = jlpt_voc;
			productReference = 289AC57F19710B2B003A93A4 /* jlpt_voc.app */;
			productType = "com.apple.product-type.application";
		};
		289AC59F19710B2B003A93A4 /* jlpt_vocTests */ = {
			isa = PBXNativeTarget;
			buildConfigurationList = 289AC5B419710B2B003A93A4 /* Build configuration list for PBXNativeTarget "jlpt_vocTests" */;
			buildPhases = (
				289AC59C19710B2B003A93A4 /* Sources */,
				289AC59D19710B2B003A93A4 /* Frameworks */,
				289AC59E19710B2B003A93A4 /* Resources */,
			);
			buildRules = (
			);
			dependencies = (
				289AC5A619710B2B003A93A4 /* PBXTargetDependency */,
			);
			name = jlpt_vocTests;
			productName = jlpt_vocTests;
			productReference = 289AC5A019710B2B003A93A4 /* jlpt_vocTests.xctest */;
			productType = "com.apple.product-type.bundle.unit-test";
		};
/* End PBXNativeTarget section */

/* Begin PBXProject section */
		289AC57719710B2B003A93A4 /* Project object */ = {
			isa = PBXProject;
			attributes = {
				CLASSPREFIX = IC;
				LastUpgradeCheck = 0510;
				ORGANIZATIONNAME = iplus;
				TargetAttributes = {
					289AC59F19710B2B003A93A4 = {
						TestTargetID = 289AC57E19710B2B003A93A4;
					};
				};
			};
			buildConfigurationList = 289AC57A19710B2B003A93A4 /* Build configuration list for PBXProject "jlpt_voc" */;
			compatibilityVersion = "Xcode 3.2";
			developmentRegion = English;
			hasScannedForEncodings = 0;
			knownRegions = (
				en,
				Base,
			);
			mainGroup = 289AC57619710B2B003A93A4;
			productRefGroup = 289AC58019710B2B003A93A4 /* Products */;
			projectDirPath = "";
			projectRoot = "";
			targets = (
				289AC57E19710B2B003A93A4 /* jlpt_voc */,
				289AC59F19710B2B003A93A4 /* jlpt_vocTests */,
			);
		};
/* End PBXProject section */

/* Begin PBXResourcesBuildPhase section */
		289AC57D19710B2B003A93A4 /* Resources */ = {
			isa = PBXResourcesBuildPhase;
			buildActionMask = 2147483647;
			files = (
				BCACA2F11974CC0A00A17938 /* AdMob.plist in Resources */,
				289AC59B19710B2B003A93A4 /* Images.xcassets in Resources */,
				289AC5BC197112AD003A93A4 /* icon_114.png in Resources */,
				289AC5BA19711254003A93A4 /* icon_057.png in Resources */,
				289AC58D19710B2B003A93A4 /* InfoPlist.strings in Resources */,
				BCACCF341974C09B00BCAEF4 /* button_n3.png in Resources */,
				BCACCF321974C09B00BCAEF4 /* button_n1.png in Resources */,
				BCACCF331974C09B00BCAEF4 /* button_n2.png in Resources */,
				289AC5B819711139003A93A4 /* icon_120.png in Resources */,
				289AC5C219711405003A93A4 /* Default-568h@2x.png in Resources */,
				289AC5BE19711388003A93A4 /* Default.png in Resources */,
				BCACCF351974C09B00BCAEF4 /* button_n4.png in Resources */,
				289AC5C0197113BA003A93A4 /* Default~iphone.png in Resources */,
				289AC59619710B2B003A93A4 /* Main.storyboard in Resources */,
			);
			runOnlyForDeploymentPostprocessing = 0;
		};
		289AC59E19710B2B003A93A4 /* Resources */ = {
			isa = PBXResourcesBuildPhase;
			buildActionMask = 2147483647;
			files = (
				289AC5AC19710B2B003A93A4 /* InfoPlist.strings in Resources */,
			);
			runOnlyForDeploymentPostprocessing = 0;
		};
/* End PBXResourcesBuildPhase section */

/* Begin PBXSourcesBuildPhase section */
		289AC57B19710B2B003A93A4 /* Sources */ = {
			isa = PBXSourcesBuildPhase;
			buildActionMask = 2147483647;
			files = (
				289AC59319710B2B003A93A4 /* ICAppDelegate.m in Sources */,
				BCACCF2C1974BA5700BCAEF4 /* ICMenuViewController.m in Sources */,
				289AC58F19710B2B003A93A4 /* main.m in Sources */,
				289AC59919710B2B003A93A4 /* ICViewController.m in Sources */,
			);
			runOnlyForDeploymentPostprocessing = 0;
		};
		289AC59C19710B2B003A93A4 /* Sources */ = {
			isa = PBXSourcesBuildPhase;
			buildActionMask = 2147483647;
			files = (
				289AC5AE19710B2B003A93A4 /* jlpt_vocTests.m in Sources */,
			);
			runOnlyForDeploymentPostprocessing = 0;
		};
/* End PBXSourcesBuildPhase section */

/* Begin PBXTargetDependency section */
		289AC5A619710B2B003A93A4 /* PBXTargetDependency */ = {
			isa = PBXTargetDependency;
			target = 289AC57E19710B2B003A93A4 /* jlpt_voc */;
			targetProxy = 289AC5A519710B2B003A93A4 /* PBXContainerItemProxy */;
		};
/* End PBXTargetDependency section */

/* Begin PBXVariantGroup section */
		289AC58B19710B2B003A93A4 /* InfoPlist.strings */ = {
			isa = PBXVariantGroup;
			children = (
				289AC58C19710B2B003A93A4 /* en */,
			);
			name = InfoPlist.strings;
			sourceTree = "<group>";
		};
		289AC59419710B2B003A93A4 /* Main.storyboard */ = {
			isa = PBXVariantGroup;
			children = (
				289AC59519710B2B003A93A4 /* Base */,
			);
			name = Main.storyboard;
			sourceTree = "<group>";
		};
		289AC5AA19710B2B003A93A4 /* InfoPlist.strings */ = {
			isa = PBXVariantGroup;
			children = (
				289AC5AB19710B2B003A93A4 /* en */,
			);
			name = InfoPlist.strings;
			sourceTree = "<group>";
		};
/* End PBXVariantGroup section */

/* Begin XCBuildConfiguration section */
		289AC5AF19710B2B003A93A4 /* Debug */ = {
			isa = XCBuildConfiguration;
			buildSettings = {
				ALWAYS_SEARCH_USER_PATHS = NO;
				CLANG_CXX_LANGUAGE_STANDARD = "gnu++0x";
				CLANG_CXX_LIBRARY = "libc++";
				CLANG_ENABLE_MODULES = YES;
				CLANG_ENABLE_OBJC_ARC = YES;
				CLANG_WARN_BOOL_CONVERSION = YES;
				CLANG_WARN_CONSTANT_CONVERSION = YES;
				CLANG_WARN_DIRECT_OBJC_ISA_USAGE = YES_ERROR;
				CLANG_WARN_EMPTY_BODY = YES;
				CLANG_WARN_ENUM_CONVERSION = YES;
				CLANG_WARN_INT_CONVERSION = YES;
				CLANG_WARN_OBJC_ROOT_CLASS = YES_ERROR;
				CLANG_WARN__DUPLICATE_METHOD_MATCH = YES;
				"CODE_SIGN_IDENTITY[sdk=iphoneos*]" = "iPhone Developer";
				COPY_PHASE_STRIP = NO;
				GCC_C_LANGUAGE_STANDARD = gnu99;
				GCC_DYNAMIC_NO_PIC = NO;
				GCC_OPTIMIZATION_LEVEL = 0;
				GCC_PREPROCESSOR_DEFINITIONS = (
					"DEBUG=1",
					"$(inherited)",
				);
				GCC_SYMBOLS_PRIVATE_EXTERN = NO;
				GCC_WARN_64_TO_32_BIT_CONVERSION = YES;
				GCC_WARN_ABOUT_RETURN_TYPE = YES_ERROR;
				GCC_WARN_UNDECLARED_SELECTOR = YES;
				GCC_WARN_UNINITIALIZED_AUTOS = YES_AGGRESSIVE;
				GCC_WARN_UNUSED_FUNCTION = YES;
				GCC_WARN_UNUSED_VARIABLE = YES;
				IPHONEOS_DEPLOYMENT_TARGET = 6.0;
				ONLY_ACTIVE_ARCH = YES;
				SDKROOT = iphoneos;
			};
			name = Debug;
		};
		289AC5B019710B2B003A93A4 /* Release */ = {
			isa = XCBuildConfiguration;
			buildSettings = {
				ALWAYS_SEARCH_USER_PATHS = NO;
				CLANG_CXX_LANGUAGE_STANDARD = "gnu++0x";
				CLANG_CXX_LIBRARY = "libc++";
				CLANG_ENABLE_MODULES = YES;
				CLANG_ENABLE_OBJC_ARC = YES;
				CLANG_WARN_BOOL_CONVERSION = YES;
				CLANG_WARN_CONSTANT_CONVERSION = YES;
				CLANG_WARN_DIRECT_OBJC_ISA_USAGE = YES_ERROR;
				CLANG_WARN_EMPTY_BODY = YES;
				CLANG_WARN_ENUM_CONVERSION = YES;
				CLANG_WARN_INT_CONVERSION = YES;
				CLANG_WARN_OBJC_ROOT_CLASS = YES_ERROR;
				CLANG_WARN__DUPLICATE_METHOD_MATCH = YES;
				"CODE_SIGN_IDENTITY[sdk=iphoneos*]" = "iPhone Developer";
				COPY_PHASE_STRIP = YES;
				ENABLE_NS_ASSERTIONS = NO;
				GCC_C_LANGUAGE_STANDARD = gnu99;
				GCC_WARN_64_TO_32_BIT_CONVERSION = YES;
				GCC_WARN_ABOUT_RETURN_TYPE = YES_ERROR;
				GCC_WARN_UNDECLARED_SELECTOR = YES;
				GCC_WARN_UNINITIALIZED_AUTOS = YES_AGGRESSIVE;
				GCC_WARN_UNUSED_FUNCTION = YES;
				GCC_WARN_UNUSED_VARIABLE = YES;
				IPHONEOS_DEPLOYMENT_TARGET = 6.0;
				SDKROOT = iphoneos;
				VALIDATE_PRODUCT = YES;
			};
			name = Release;
		};
		289AC5B219710B2B003A93A4 /* Debug */ = {
			isa = XCBuildConfiguration;
			buildSettings = {
				GCC_PRECOMPILE_PREFIX_HEADER = YES;
				GCC_PREFIX_HEADER = "jlpt_voc/jlpt_voc-Prefix.pch";
				INFOPLIST_FILE = "jlpt_voc/jlpt_voc-Info.plist";
				IPHONEOS_DEPLOYMENT_TARGET = 6.0;
				LIBRARY_SEARCH_PATHS = (
					"$(inherited)",
					"$(PROJECT_DIR)/jlpt_voc/AdMob",
				);
				OTHER_LDFLAGS = "-ObjC";
				PRODUCT_NAME = "$(TARGET_NAME)";
				WRAPPER_EXTENSION = app;
			};
			name = Debug;
		};
		289AC5B319710B2B003A93A4 /* Release */ = {
			isa = XCBuildConfiguration;
			buildSettings = {
				GCC_PRECOMPILE_PREFIX_HEADER = YES;
				GCC_PREFIX_HEADER = "jlpt_voc/jlpt_voc-Prefix.pch";
				INFOPLIST_FILE = "jlpt_voc/jlpt_voc-Info.plist";
				IPHONEOS_DEPLOYMENT_TARGET = 6.0;
				LIBRARY_SEARCH_PATHS = (
					"$(inherited)",
					"$(PROJECT_DIR)/jlpt_voc/AdMob",
				);
				OTHER_LDFLAGS = "-ObjC";
				PRODUCT_NAME = "$(TARGET_NAME)";
				WRAPPER_EXTENSION = app;
			};
			name = Release;
		};
		289AC5B519710B2B003A93A4 /* Debug */ = {
			isa = XCBuildConfiguration;
			buildSettings = {
				BUNDLE_LOADER = "$(BUILT_PRODUCTS_DIR)/jlpt_voc.app/jlpt_voc";
				FRAMEWORK_SEARCH_PATHS = (
					"$(SDKROOT)/Developer/Library/Frameworks",
					"$(inherited)",
					"$(DEVELOPER_FRAMEWORKS_DIR)",
				);
				GCC_PRECOMPILE_PREFIX_HEADER = YES;
				GCC_PREFIX_HEADER = "jlpt_voc/jlpt_voc-Prefix.pch";
				GCC_PREPROCESSOR_DEFINITIONS = (
					"DEBUG=1",
					"$(inherited)",
				);
				INFOPLIST_FILE = "jlpt_vocTests/jlpt_vocTests-Info.plist";
				PRODUCT_NAME = "$(TARGET_NAME)";
				TEST_HOST = "$(BUNDLE_LOADER)";
				WRAPPER_EXTENSION = xctest;
			};
			name = Debug;
		};
		289AC5B619710B2B003A93A4 /* Release */ = {
			isa = XCBuildConfiguration;
			buildSettings = {
				BUNDLE_LOADER = "$(BUILT_PRODUCTS_DIR)/jlpt_voc.app/jlpt_voc";
				FRAMEWORK_SEARCH_PATHS = (
					"$(SDKROOT)/Developer/Library/Frameworks",
					"$(inherited)",
					"$(DEVELOPER_FRAMEWORKS_DIR)",
				);
				GCC_PRECOMPILE_PREFIX_HEADER = YES;
				GCC_PREFIX_HEADER = "jlpt_voc/jlpt_voc-Prefix.pch";
				INFOPLIST_FILE = "jlpt_vocTests/jlpt_vocTests-Info.plist";
				PRODUCT_NAME = "$(TARGET_NAME)";
				TEST_HOST = "$(BUNDLE_LOADER)";
				WRAPPER_EXTENSION = xctest;
			};
			name = Release;
		};
/* End XCBuildConfiguration section */

/* Begin XCConfigurationList section */
		289AC57A19710B2B003A93A4 /* Build configuration list for PBXProject "jlpt_voc" */ = {
			isa = XCConfigurationList;
			buildConfigurations = (
				289AC5AF19710B2B003A93A4 /* Debug */,
				289AC5B019710B2B003A93A4 /* Release */,
			);
			defaultConfigurationIsVisible = 0;
			defaultConfigurationName = Release;
		};
		289AC5B119710B2B003A93A4 /* Build configuration list for PBXNativeTarget "jlpt_voc" */ = {
			isa = XCConfigurationList;
			buildConfigurations = (
				289AC5B219710B2B003A93A4 /* Debug */,
				289AC5B319710B2B003A93A4 /* Release */,
			);
			defaultConfigurationIsVisible = 0;
			defaultConfigurationName = Release;
		};
		289AC5B419710B2B003A93A4 /* Build configuration list for PBXNativeTarget "jlpt_vocTests" */ = {
			isa = XCConfigurationList;
			buildConfigurations = (
				289AC5B519710B2B003A93A4 /* Debug */,
				289AC5B619710B2B003A93A4 /* Release */,
			);
			defaultConfigurationIsVisible = 0;
			defaultConfigurationName = Release;
		};
/* End XCConfigurationList section */
	};
	rootObject = 289AC57719710B2B003A93A4 /* Project object */;
}
